
Microsoft Visual Studio Solution File, Format Version 12.00
# Visual Studio Version 17
VisualStudioVersion = 17.4.33103.184
MinimumVisualStudioVersion = 10.0.40219.1
Project("{FAE04EC0-301F-11D3-BF4B-00C04F79EFBC}") = "PeliculasApi", "PeliculasApi\PeliculasApi.csproj", "{B3FB83C7-DDF8-42F2-B561-A952B5156339}"
EndProject
Global
	GlobalSection(SolutionConfigurationPlatforms) = preSolution
		Debug|Any CPU = Debug|Any CPU
		Release|Any CPU = Release|Any CPU
	EndGlobalSection
	GlobalSection(ProjectConfigurationPlatforms) = postSolution
		{B3FB83C7-DDF8-42F2-B561-A952B5156339}.Debug|Any CPU.ActiveCfg = Debug|Any CPU
		{B3FB83C7-DDF8-42F2-B561-A952B5156339}.Debug|Any CPU.Build.0 = Debug|Any CPU
		{B3FB83C7-DDF8-42F2-B561-A952B5156339}.Release|Any CPU.ActiveCfg = Release|Any CPU
		{B3FB83C7-DDF8-42F2-B561-A952B5156339}.Release|Any CPU.Build.0 = Release|Any CPU
	EndGlobalSection
	GlobalSection(SolutionProperties) = preSolution
		HideSolutionNode = FALSE
	EndGlobalSection
	GlobalSection(ExtensibilityGlobals) = postSolution
		SolutionGuid = {BBB72B2C-E00B-4828-B922-AD50A8079D5B}
	EndGlobalSection
EndGlobal
